
Microsoft Visual Studio Solution File, Format Version 11.00
# Visual C# Express 2010
Project("{FAE04EC0-301F-11D3-BF4B-00C04F79EFBC}") = "Physics", "Physics\Physics.csproj", "{888DC669-1E80-4AFD-895B-4B6A0751A07C}"
EndProject
Project("{FAE04EC0-301F-11D3-BF4B-00C04F79EFBC}") = "Pipeline", "Pipeline\Pipeline.csproj", "{3086E95C-5A76-4E06-A494-F61C2B71FEA2}"
EndProject
Project("{FAE04EC0-301F-11D3-BF4B-00C04F79EFBC}") = "Holodeck", "Holodeck\Holodeck\Holodeck.csproj", "{F761C481-F0EE-464E-82BC-3F887B350C6B}"
EndProject
Project("{FAE04EC0-301F-11D3-BF4B-00C04F79EFBC}") = "HolodeckContent", "Holodeck\HolodeckContent\HolodeckContent.contentproj", "{8BF16BEE-FAE8-4361-AFCE-0F41ED563CE7}"
EndProject
Project("{FAE04EC0-301F-11D3-BF4B-00C04F79EFBC}") = "XNA_XBOX_Physics", "Physics\XNA_XBOX_Physics.csproj", "{2E5AA572-AFD4-49B4-9FBA-7AF171E7BB0B}"
EndProject
Project("{FAE04EC0-301F-11D3-BF4B-00C04F79EFBC}") = "XNA_XBOX_Holodeck", "Holodeck\Holodeck\XNA_XBOX_Holodeck.csproj", "{68AFF33C-CEF2-420F-A2ED-DE883ABB2FA4}"
EndProject
Project("{FAE04EC0-301F-11D3-BF4B-00C04F79EFBC}") = "XNA_PHONE_Physics", "Physics\XNA_PHONE_Physics.csproj", "{88ED7F13-FB5C-4DBF-82EF-93165B6DD8C2}"
EndProject
Project("{FAE04EC0-301F-11D3-BF4B-00C04F79EFBC}") = "XNA_PHONE_Holodeck", "Holodeck\Holodeck\XNA_PHONE_Holodeck.csproj", "{B9579094-A20E-44DF-BAA4-D6FEE16B5739}"
EndProject
Global
	GlobalSection(SolutionConfigurationPlatforms) = preSolution
		Debug|Mixed Platforms = Debug|Mixed Platforms
		Debug|Windows Phone = Debug|Windows Phone
		Debug|x86 = Debug|x86
		Debug|Xbox 360 = Debug|Xbox 360
		Release|Mixed Platforms = Release|Mixed Platforms
		Release|Windows Phone = Release|Windows Phone
		Release|x86 = Release|x86
		Release|Xbox 360 = Release|Xbox 360
	EndGlobalSection
	GlobalSection(ProjectConfigurationPlatforms) = postSolution
		{888DC669-1E80-4AFD-895B-4B6A0751A07C}.Debug|Mixed Platforms.ActiveCfg = Debug|x86
		{888DC669-1E80-4AFD-895B-4B6A0751A07C}.Debug|Mixed Platforms.Build.0 = Debug|x86
		{888DC669-1E80-4AFD-895B-4B6A0751A07C}.Debug|Windows Phone.ActiveCfg = Debug|x86
		{888DC669-1E80-4AFD-895B-4B6A0751A07C}.Debug|x86.ActiveCfg = Debug|x86
		{888DC669-1E80-4AFD-895B-4B6A0751A07C}.Debug|x86.Build.0 = Debug|x86
		{888DC669-1E80-4AFD-895B-4B6A0751A07C}.Debug|Xbox 360.ActiveCfg = Debug|x86
		{888DC669-1E80-4AFD-895B-4B6A0751A07C}.Release|Mixed Platforms.ActiveCfg = Release|x86
		{888DC669-1E80-4AFD-895B-4B6A0751A07C}.Release|Mixed Platforms.Build.0 = Release|x86
		{888DC669-1E80-4AFD-895B-4B6A0751A07C}.Release|Windows Phone.ActiveCfg = Release|x86
		{888DC669-1E80-4AFD-895B-4B6A0751A07C}.Release|Windows Phone.Build.0 = Release|x86
		{888DC669-1E80-4AFD-895B-4B6A0751A07C}.Release|x86.ActiveCfg = Release|x86
		{888DC669-1E80-4AFD-895B-4B6A0751A07C}.Release|x86.Build.0 = Release|x86
		{888DC669-1E80-4AFD-895B-4B6A0751A07C}.Release|Xbox 360.ActiveCfg = Release|x86
		{888DC669-1E80-4AFD-895B-4B6A0751A07C}.Release|Xbox 360.Build.0 = Release|x86
		{3086E95C-5A76-4E06-A494-F61C2B71FEA2}.Debug|Mixed Platforms.ActiveCfg = Debug|x86
		{3086E95C-5A76-4E06-A494-F61C2B71FEA2}.Debug|Mixed Platforms.Build.0 = Debug|x86
		{3086E95C-5A76-4E06-A494-F61C2B71FEA2}.Debug|Windows Phone.ActiveCfg = Debug|x86
		{3086E95C-5A76-4E06-A494-F61C2B71FEA2}.Debug|Windows Phone.Build.0 = Debug|x86
		{3086E95C-5A76-4E06-A494-F61C2B71FEA2}.Debug|x86.ActiveCfg = Debug|x86
		{3086E95C-5A76-4E06-A494-F61C2B71FEA2}.Debug|x86.Build.0 = Debug|x86
		{3086E95C-5A76-4E06-A494-F61C2B71FEA2}.Debug|Xbox 360.ActiveCfg = Debug|x86
		{3086E95C-5A76-4E06-A494-F61C2B71FEA2}.Debug|Xbox 360.Build.0 = Debug|x86
		{3086E95C-5A76-4E06-A494-F61C2B71FEA2}.Release|Mixed Platforms.ActiveCfg = Debug|x86
		{3086E95C-5A76-4E06-A494-F61C2B71FEA2}.Release|Mixed Platforms.Build.0 = Debug|x86
		{3086E95C-5A76-4E06-A494-F61C2B71FEA2}.Release|Windows Phone.ActiveCfg = Debug|x86
		{3086E95C-5A76-4E06-A494-F61C2B71FEA2}.Release|Windows Phone.Build.0 = Debug|x86
		{3086E95C-5A76-4E06-A494-F61C2B71FEA2}.Release|x86.ActiveCfg = Debug|x86
		{3086E95C-5A76-4E06-A494-F61C2B71FEA2}.Release|x86.Build.0 = Debug|x86
		{3086E95C-5A76-4E06-A494-F61C2B71FEA2}.Release|Xbox 360.ActiveCfg = Debug|x86
		{3086E95C-5A76-4E06-A494-F61C2B71FEA2}.Release|Xbox 360.Build.0 = Debug|x86
		{F761C481-F0EE-464E-82BC-3F887B350C6B}.Debug|Mixed Platforms.ActiveCfg = Debug|x86
		{F761C481-F0EE-464E-82BC-3F887B350C6B}.Debug|Mixed Platforms.Build.0 = Debug|x86
		{F761C481-F0EE-464E-82BC-3F887B350C6B}.Debug|Windows Phone.ActiveCfg = Debug|x86
		{F761C481-F0EE-464E-82BC-3F887B350C6B}.Debug|x86.ActiveCfg = Debug|x86
		{F761C481-F0EE-464E-82BC-3F887B350C6B}.Debug|x86.Build.0 = Debug|x86
		{F761C481-F0EE-464E-82BC-3F887B350C6B}.Debug|Xbox 360.ActiveCfg = Debug|x86
		{F761C481-F0EE-464E-82BC-3F887B350C6B}.Release|Mixed Platforms.ActiveCfg = Release|x86
		{F761C481-F0EE-464E-82BC-3F887B350C6B}.Release|Mixed Platforms.Build.0 = Release|x86
		{F761C481-F0EE-464E-82BC-3F887B350C6B}.Release|Windows Phone.ActiveCfg = Release|x86
		{F761C481-F0EE-464E-82BC-3F887B350C6B}.Release|Windows Phone.Build.0 = Release|x86
		{F761C481-F0EE-464E-82BC-3F887B350C6B}.Release|x86.ActiveCfg = Release|x86
		{F761C481-F0EE-464E-82BC-3F887B350C6B}.Release|x86.Build.0 = Release|x86
		{F761C481-F0EE-464E-82BC-3F887B350C6B}.Release|Xbox 360.ActiveCfg = Release|x86
		{F761C481-F0EE-464E-82BC-3F887B350C6B}.Release|Xbox 360.Build.0 = Release|x86
		{8BF16BEE-FAE8-4361-AFCE-0F41ED563CE7}.Debug|Mixed Platforms.ActiveCfg = Debug|x86
		{8BF16BEE-FAE8-4361-AFCE-0F41ED563CE7}.Debug|Windows Phone.ActiveCfg = Debug|x86
		{8BF16BEE-FAE8-4361-AFCE-0F41ED563CE7}.Debug|x86.ActiveCfg = Debug|x86
		{8BF16BEE-FAE8-4361-AFCE-0F41ED563CE7}.Debug|Xbox 360.ActiveCfg = Debug|x86
		{8BF16BEE-FAE8-4361-AFCE-0F41ED563CE7}.Release|Mixed Platforms.ActiveCfg = Release|x86
		{8BF16BEE-FAE8-4361-AFCE-0F41ED563CE7}.Release|Windows Phone.ActiveCfg = Release|x86
		{8BF16BEE-FAE8-4361-AFCE-0F41ED563CE7}.Release|x86.ActiveCfg = Release|x86
		{8BF16BEE-FAE8-4361-AFCE-0F41ED563CE7}.Release|Xbox 360.ActiveCfg = Release|x86
		{2E5AA572-AFD4-49B4-9FBA-7AF171E7BB0B}.Debug|Mixed Platforms.ActiveCfg = Debug|Xbox 360
		{2E5AA572-AFD4-49B4-9FBA-7AF171E7BB0B}.Debug|Mixed Platforms.Build.0 = Debug|Xbox 360
		{2E5AA572-AFD4-49B4-9FBA-7AF171E7BB0B}.Debug|Windows Phone.ActiveCfg = Debug|Xbox 360
		{2E5AA572-AFD4-49B4-9FBA-7AF171E7BB0B}.Debug|x86.ActiveCfg = Debug|Xbox 360
		{2E5AA572-AFD4-49B4-9FBA-7AF171E7BB0B}.Debug|Xbox 360.ActiveCfg = Debug|Xbox 360
		{2E5AA572-AFD4-49B4-9FBA-7AF171E7BB0B}.Debug|Xbox 360.Build.0 = Debug|Xbox 360
		{2E5AA572-AFD4-49B4-9FBA-7AF171E7BB0B}.Release|Mixed Platforms.ActiveCfg = Release|Xbox 360
		{2E5AA572-AFD4-49B4-9FBA-7AF171E7BB0B}.Release|Mixed Platforms.Build.0 = Release|Xbox 360
		{2E5AA572-AFD4-49B4-9FBA-7AF171E7BB0B}.Release|Windows Phone.ActiveCfg = Release|Xbox 360
		{2E5AA572-AFD4-49B4-9FBA-7AF171E7BB0B}.Release|Windows Phone.Build.0 = Release|Xbox 360
		{2E5AA572-AFD4-49B4-9FBA-7AF171E7BB0B}.Release|x86.ActiveCfg = Release|Xbox 360
		{2E5AA572-AFD4-49B4-9FBA-7AF171E7BB0B}.Release|Xbox 360.ActiveCfg = Release|Xbox 360
		{2E5AA572-AFD4-49B4-9FBA-7AF171E7BB0B}.Release|Xbox 360.Build.0 = Release|Xbox 360
		{68AFF33C-CEF2-420F-A2ED-DE883ABB2FA4}.Debug|Mixed Platforms.ActiveCfg = Debug|Xbox 360
		{68AFF33C-CEF2-420F-A2ED-DE883ABB2FA4}.Debug|Mixed Platforms.Build.0 = Debug|Xbox 360
		{68AFF33C-CEF2-420F-A2ED-DE883ABB2FA4}.Debug|Mixed Platforms.Deploy.0 = Debug|Xbox 360
		{68AFF33C-CEF2-420F-A2ED-DE883ABB2FA4}.Debug|Windows Phone.ActiveCfg = Debug|Xbox 360
		{68AFF33C-CEF2-420F-A2ED-DE883ABB2FA4}.Debug|x86.ActiveCfg = Debug|Xbox 360
		{68AFF33C-CEF2-420F-A2ED-DE883ABB2FA4}.Debug|Xbox 360.ActiveCfg = Debug|Xbox 360
		{68AFF33C-CEF2-420F-A2ED-DE883ABB2FA4}.Debug|Xbox 360.Build.0 = Debug|Xbox 360
		{68AFF33C-CEF2-420F-A2ED-DE883ABB2FA4}.Debug|Xbox 360.Deploy.0 = Debug|Xbox 360
		{68AFF33C-CEF2-420F-A2ED-DE883ABB2FA4}.Release|Mixed Platforms.ActiveCfg = Release|Xbox 360
		{68AFF33C-CEF2-420F-A2ED-DE883ABB2FA4}.Release|Mixed Platforms.Build.0 = Release|Xbox 360
		{68AFF33C-CEF2-420F-A2ED-DE883ABB2FA4}.Release|Mixed Platforms.Deploy.0 = Release|Xbox 360
		{68AFF33C-CEF2-420F-A2ED-DE883ABB2FA4}.Release|Windows Phone.ActiveCfg = Release|Xbox 360
		{68AFF33C-CEF2-420F-A2ED-DE883ABB2FA4}.Release|Windows Phone.Build.0 = Release|Xbox 360
		{68AFF33C-CEF2-420F-A2ED-DE883ABB2FA4}.Release|x86.ActiveCfg = Release|Xbox 360
		{68AFF33C-CEF2-420F-A2ED-DE883ABB2FA4}.Release|Xbox 360.ActiveCfg = Release|Xbox 360
		{68AFF33C-CEF2-420F-A2ED-DE883ABB2FA4}.Release|Xbox 360.Build.0 = Release|Xbox 360
		{68AFF33C-CEF2-420F-A2ED-DE883ABB2FA4}.Release|Xbox 360.Deploy.0 = Release|Xbox 360
		{88ED7F13-FB5C-4DBF-82EF-93165B6DD8C2}.Debug|Mixed Platforms.ActiveCfg = Debug|Windows Phone
		{88ED7F13-FB5C-4DBF-82EF-93165B6DD8C2}.Debug|Mixed Platforms.Build.0 = Debug|Windows Phone
		{88ED7F13-FB5C-4DBF-82EF-93165B6DD8C2}.Debug|Windows Phone.ActiveCfg = Debug|Windows Phone
		{88ED7F13-FB5C-4DBF-82EF-93165B6DD8C2}.Debug|Windows Phone.Build.0 = Debug|Windows Phone
		{88ED7F13-FB5C-4DBF-82EF-93165B6DD8C2}.Debug|x86.ActiveCfg = Debug|Windows Phone
		{88ED7F13-FB5C-4DBF-82EF-93165B6DD8C2}.Debug|Xbox 360.ActiveCfg = Debug|Windows Phone
		{88ED7F13-FB5C-4DBF-82EF-93165B6DD8C2}.Release|Mixed Platforms.ActiveCfg = Release|Windows Phone
		{88ED7F13-FB5C-4DBF-82EF-93165B6DD8C2}.Release|Mixed Platforms.Build.0 = Release|Windows Phone
		{88ED7F13-FB5C-4DBF-82EF-93165B6DD8C2}.Release|Windows Phone.ActiveCfg = Release|Windows Phone
		{88ED7F13-FB5C-4DBF-82EF-93165B6DD8C2}.Release|Windows Phone.Build.0 = Release|Windows Phone
		{88ED7F13-FB5C-4DBF-82EF-93165B6DD8C2}.Release|x86.ActiveCfg = Release|Windows Phone
		{88ED7F13-FB5C-4DBF-82EF-93165B6DD8C2}.Release|Xbox 360.ActiveCfg = Release|Windows Phone
		{B9579094-A20E-44DF-BAA4-D6FEE16B5739}.Debug|Mixed Platforms.ActiveCfg = Debug|Windows Phone
		{B9579094-A20E-44DF-BAA4-D6FEE16B5739}.Debug|Mixed Platforms.Build.0 = Debug|Windows Phone
		{B9579094-A20E-44DF-BAA4-D6FEE16B5739}.Debug|Mixed Platforms.Deploy.0 = Debug|Windows Phone
		{B9579094-A20E-44DF-BAA4-D6FEE16B5739}.Debug|Windows Phone.ActiveCfg = Debug|Windows Phone
		{B9579094-A20E-44DF-BAA4-D6FEE16B5739}.Debug|Windows Phone.Build.0 = Debug|Windows Phone
		{B9579094-A20E-44DF-BAA4-D6FEE16B5739}.Debug|Windows Phone.Deploy.0 = Debug|Windows Phone
		{B9579094-A20E-44DF-BAA4-D6FEE16B5739}.Debug|x86.ActiveCfg = Debug|Windows Phone
		{B9579094-A20E-44DF-BAA4-D6FEE16B5739}.Debug|Xbox 360.ActiveCfg = Debug|Windows Phone
		{B9579094-A20E-44DF-BAA4-D6FEE16B5739}.Release|Mixed Platforms.ActiveCfg = Release|Windows Phone
		{B9579094-A20E-44DF-BAA4-D6FEE16B5739}.Release|Mixed Platforms.Build.0 = Release|Windows Phone
		{B9579094-A20E-44DF-BAA4-D6FEE16B5739}.Release|Mixed Platforms.Deploy.0 = Release|Windows Phone
		{B9579094-A20E-44DF-BAA4-D6FEE16B5739}.Release|Windows Phone.ActiveCfg = Release|Windows Phone
		{B9579094-A20E-44DF-BAA4-D6FEE16B5739}.Release|Windows Phone.Build.0 = Release|Windows Phone
		{B9579094-A20E-44DF-BAA4-D6FEE16B5739}.Release|Windows Phone.Deploy.0 = Release|Windows Phone
		{B9579094-A20E-44DF-BAA4-D6FEE16B5739}.Release|x86.ActiveCfg = Release|Windows Phone
		{B9579094-A20E-44DF-BAA4-D6FEE16B5739}.Release|Xbox 360.ActiveCfg = Release|Windows Phone
	EndGlobalSection
	GlobalSection(SolutionProperties) = preSolution
		HideSolutionNode = FALSE
	EndGlobalSection
EndGlobal
